PODS:
  - Flutter (1.0.0)
  - flutter_billing (0.0.1):
    - Flutter

DEPENDENCIES:
  - Flutter (from `/Users/arifcebe/flutter/bin/cache/artifacts/engine/ios`)
  - flutter_billing (from `/Users/arifcebe/Documents/flutter_sample/flutter_billing/ios`)

EXTERNAL SOURCES:
  Flutter:
    :path: "/Users/arifcebe/flutter/bin/cache/artifacts/engine/ios"
  flutter_billing:
    :path: "/Users/arifcebe/Documents/flutter_sample/flutter_billing/ios"

SPEC CHECKSUMS:
  Flutter: 0e3d915762c693b495b44d77113d4970485de6ec
  flutter_billing: 9f246559b5b788780dff78abe5c5998b8da2dae6

PODFILE CHECKSUM: af9e3c39454c5c0747a209b7dc05c442964e0051

COCOAPODS: 1.9.1
